
Microsoft Visual Studio Solution File, Format Version 12.00
# Visual Studio 2012
Project("{8BC9CEB8-8B4A-11D0-8D11-00A0C91BC942}") = "cdr2pdfviewer", "cdr2pdfviewer\cdr2pdfviewer.vcxproj", "{D3C63594-2ED1-4651-A2D4-0FD0C0896C4F}"
EndProject
Global
	GlobalSection(SolutionConfigurationPlatforms) = preSolution
		Debug|Win32 = Debug|Win32
		Release|Win32 = Release|Win32
	EndGlobalSection
	GlobalSection(ProjectConfigurationPlatforms) = postSolution
		{D3C63594-2ED1-4651-A2D4-0FD0C0896C4F}.Debug|Win32.ActiveCfg = Debug|Win32
		{D3C63594-2ED1-4651-A2D4-0FD0C0896C4F}.Debug|Win32.Build.0 = Debug|Win32
		{D3C63594-2ED1-4651-A2D4-0FD0C0896C4F}.Release|Win32.ActiveCfg = Release|Win32
		{D3C63594-2ED1-4651-A2D4-0FD0C0896C4F}.Release|Win32.Build.0 = Release|Win32
	EndGlobalSection
	GlobalSection(SolutionProperties) = preSolution
		HideSolutionNode = FALSE
	EndGlobalSection
EndGlobal
